// !$*UTF8*$!
{
	archiveVersion = 1;
	classes = {
	};
	objectVersion = 56;
	objects = {

/* Begin PBXBuildFile section */
		8C8FA4382BE2A30E002D345C /* Coke_MachineApp.swift in Sources */ = {isa = PBXBuildFile; fileRef = 8C8FA4372BE2A30E002D345C /* Coke_MachineApp.swift */; };
		8C8FA43A2BE2A30E002D345C /* ContentView.swift in Sources */ = {isa = PBXBuildFile; fileRef = 8C8FA4392BE2A30E002D345C /* ContentView.swift */; };
		8C8FA43C2BE2A30E002D345C /* Item.swift in Sources */ = {isa = PBXBuildFile; fileRef = 8C8FA43B2BE2A30E002D345C /* Item.swift */; };
		8C8FA43E2BE2A30F002D345C /* Assets.xcassets in Resources */ = {isa = PBXBuildFile; fileRef = 8C8FA43D2BE2A30F002D345C /* Assets.xcassets */; };
		8C8FA4412BE2A310002D345C /* Preview Assets.xcassets in Resources */ = {isa = PBXBuildFile; fileRef = 8C8FA4402BE2A310002D345C /* Preview Assets.xcassets */; };
		8C8FA44B2BE2A310002D345C /* Coke_MachineTests.swift in Sources */ = {isa = PBXBuildFile; fileRef = 8C8FA44A2BE2A310002D345C /* Coke_MachineTests.swift */; };
		8C8FA4552BE2A310002D345C /* Coke_MachineUITests.swift in Sources */ = {isa = PBXBuildFile; fileRef = 8C8FA4542BE2A310002D345C /* Coke_MachineUITests.swift */; };
		8C8FA4572BE2A310002D345C /* Coke_MachineUITestsLaunchTests.swift in Sources */ = {isa = PBXBuildFile; fileRef = 8C8FA4562BE2A310002D345C /* Coke_MachineUITestsLaunchTests.swift */; };
/* End PBXBuildFile section */

/* Begin PBXContainerItemProxy section */
		8C8FA4472BE2A310002D345C /* PBXContainerItemProxy */ = {
			isa = PBXContainerItemProxy;
			containerPortal = 8C8FA42C2BE2A30E002D345C /* Project object */;
			proxyType = 1;
			remoteGlobalIDString = 8C8FA4332BE2A30E002D345C;
			remoteInfo = "Coke Machine";
		};
		8C8FA4512BE2A310002D345C /* PBXContainerItemProxy */ = {
			isa = PBXContainerItemProxy;
			containerPortal = 8C8FA42C2BE2A30E002D345C /* Project object */;
			proxyType = 1;
			remoteGlobalIDString = 8C8FA4332BE2A30E002D345C;
			remoteInfo = "Coke Machine";
		};
/* End PBXContainerItemProxy section */

/* Begin PBXFileReference section */
		8C8FA4342BE2A30E002D345C /* Coke Machine.app */ = {isa = PBXFileReference; explicitFileType = wrapper.application; includeInIndex = 0; path = "Coke Machine.app"; sourceTree = BUILT_PRODUCTS_DIR; };
		8C8FA4372BE2A30E002D345C /* Coke_MachineApp.swift */ = {isa = PBXFileReference; lastKnownFileType = sourcecode.swift; path = Coke_MachineApp.swift; sourceTree = "<group>"; };
		8C8FA4392BE2A30E002D345C /* ContentView.swift */ = {isa = PBXFileReference; lastKnownFileType = sourcecode.swift; path = ContentView.swift; sourceTree = "<group>"; };
		8C8FA43B2BE2A30E002D345C /* Item.swift */ = {isa = PBXFileReference; lastKnownFileType = sourcecode.swift; path = Item.swift; sourceTree = "<group>"; };
		8C8FA43D2BE2A30F002D345C /* Assets.xcassets */ = {isa = PBXFileReference; lastKnownFileType = folder.assetcatalog; path = Assets.xcassets; sourceTree = "<group>"; };
		8C8FA4402BE2A310002D345C /* Preview Assets.xcassets */ = {isa = PBXFileReference; lastKnownFileType = folder.assetcatalog; path = "Preview Assets.xcassets"; sourceTree = "<group>"; };
		8C8FA4462BE2A310002D345C /* Coke MachineTests.xctest */ = {isa = PBXFileReference; explicitFileType = wrapper.cfbundle; includeInIndex = 0; path = "Coke MachineTests.xctest"; sourceTree = BUILT_PRODUCTS_DIR; };
		8C8FA44A2BE2A310002D345C /* Coke_MachineTests.swift */ = {isa = PBXFileReference; lastKnownFileType = sourcecode.swift; path = Coke_MachineTests.swift; sourceTree = "<group>"; };
		8C8FA4502BE2A310002D345C /* Coke MachineUITests.xctest */ = {isa = PBXFileReference; explicitFileType = wrapper.cfbundle; includeInIndex = 0; path = "Coke MachineUITests.xctest"; sourceTree = BUILT_PRODUCTS_DIR; };
		8C8FA4542BE2A310002D345C /* Coke_MachineUITests.swift */ = {isa = PBXFileReference; lastKnownFileType = sourcecode.swift; path = Coke_MachineUITests.swift; sourceTree = "<group>"; };
		8C8FA4562BE2A310002D345C /* Coke_MachineUITestsLaunchTests.swift */ = {isa = PBXFileReference; lastKnownFileType = sourcecode.swift; path = Coke_MachineUITestsLaunchTests.swift; sourceTree = "<group>"; };
/* End PBXFileReference section */

/* Begin PBXFrameworksBuildPhase section */
		8C8FA4312BE2A30E002D345C /* Frameworks */ = {
			isa = PBXFrameworksBuildPhase;
			buildActionMask = 2147483647;
			files = (
			);
			runOnlyForDeploymentPostprocessing = 0;
		};
		8C8FA4432BE2A310002D345C /* Frameworks */ = {
			isa = PBXFrameworksBuildPhase;
			buildActionMask = 2147483647;
			files = (
			);
			runOnlyForDeploymentPostprocessing = 0;
		};
		8C8FA44D2BE2A310002D345C /* Frameworks */ = {
			isa = PBXFrameworksBuildPhase;
			buildActionMask = 2147483647;
			files = (
			);
			runOnlyForDeploymentPostprocessing = 0;
		};
/* End PBXFrameworksBuildPhase section */

/* Begin PBXGroup section */
		8C8FA42B2BE2A30E002D345C = {
			isa = PBXGroup;
			children = (
				8C8FA4362BE2A30E002D345C /* Coke Machine */,
				8C8FA4492BE2A310002D345C /* Coke MachineTests */,
				8C8FA4532BE2A310002D345C /* Coke MachineUITests */,
				8C8FA4352BE2A30E002D345C /* Products */,
			);
			sourceTree = "<group>";
		};
		8C8FA4352BE2A30E002D345C /* Products */ = {
			isa = PBXGroup;
			children = (
				8C8FA4342BE2A30E002D345C /* Coke Machine.app */,
				8C8FA4462BE2A310002D345C /* Coke MachineTests.xctest */,
				8C8FA4502BE2A310002D345C /* Coke MachineUITests.xctest */,
			);
			name = Products;
			sourceTree = "<group>";
		};
		8C8FA4362BE2A30E002D345C /* Coke Machine */ = {
			isa = PBXGroup;
			children = (
				8C8FA4372BE2A30E002D345C /* Coke_MachineApp.swift */,
				8C8FA4392BE2A30E002D345C /* ContentView.swift */,
				8C8FA43B2BE2A30E002D345C /* Item.swift */,
				8C8FA43D2BE2A30F002D345C /* Assets.xcassets */,
				8C8FA43F2BE2A310002D345C /* Preview Content */,
			);
			path = "Coke Machine";
			sourceTree = "<group>";
		};
		8C8FA43F2BE2A310002D345C /* Preview Content */ = {
			isa = PBXGroup;
			children = (
				8C8FA4402BE2A310002D345C /* Preview Assets.xcassets */,
			);
			path = "Preview Content";
			sourceTree = "<group>";
		};
		8C8FA4492BE2A310002D345C /* Coke MachineTests */ = {
			isa = PBXGroup;
			children = (
				8C8FA44A2BE2A310002D345C /* Coke_MachineTests.swift */,
			);
			path = "Coke MachineTests";
			sourceTree = "<group>";
		};
		8C8FA4532BE2A310002D345C /* Coke MachineUITests */ = {
			isa = PBXGroup;
			children = (
				8C8FA4542BE2A310002D345C /* Coke_MachineUITests.swift */,
				8C8FA4562BE2A310002D345C /* Coke_MachineUITestsLaunchTests.swift */,
			);
			path = "Coke MachineUITests";
			sourceTree = "<group>";
		};
/* End PBXGroup section */

/* Begin PBXNativeTarget section */
		8C8FA4332BE2A30E002D345C /* Coke Machine */ = {
			isa = PBXNativeTarget;
			buildConfigurationList = 8C8FA45A2BE2A310002D345C /* Build configuration list for PBXNativeTarget "Coke Machine" */;
			buildPhases = (
				8C8FA4302BE2A30E002D345C /* Sources */,
				8C8FA4312BE2A30E002D345C /* Frameworks */,
				8C8FA4322BE2A30E002D345C /* Resources */,
			);
			buildRules = (
			);
			dependencies = (
			);
			name = "Coke Machine";
			productName = "Coke Machine";
			productReference = 8C8FA4342BE2A30E002D345C /* Coke Machine.app */;
			productType = "com.apple.product-type.application";
		};
		8C8FA4452BE2A310002D345C /* Coke MachineTests */ = {
			isa = PBXNativeTarget;
			buildConfigurationList = 8C8FA45D2BE2A310002D345C /* Build configuration list for PBXNativeTarget "Coke MachineTests" */;
			buildPhases = (
				8C8FA4422BE2A310002D345C /* Sources */,
				8C8FA4432BE2A310002D345C /* Frameworks */,
				8C8FA4442BE2A310002D345C /* Resources */,
			);
			buildRules = (
			);
			dependencies = (
				8C8FA4482BE2A310002D345C /* PBXTargetDependency */,
			);
			name = "Coke MachineTests";
			productName = "Coke MachineTests";
			productReference = 8C8FA4462BE2A310002D345C /* Coke MachineTests.xctest */;
			productType = "com.apple.product-type.bundle.unit-test";
		};
		8C8FA44F2BE2A310002D345C /* Coke MachineUITests */ = {
			isa = PBXNativeTarget;
			buildConfigurationList = 8C8FA4602BE2A310002D345C /* Build configuration list for PBXNativeTarget "Coke MachineUITests" */;
			buildPhases = (
				8C8FA44C2BE2A310002D345C /* Sources */,
				8C8FA44D2BE2A310002D345C /* Frameworks */,
				8C8FA44E2BE2A310002D345C /* Resources */,
			);
			buildRules = (
			);
			dependencies = (
				8C8FA4522BE2A310002D345C /* PBXTargetDependency */,
			);
			name = "Coke MachineUITests";
			productName = "Coke MachineUITests";
			productReference = 8C8FA4502BE2A310002D345C /* Coke MachineUITests.xctest */;
			productType = "com.apple.product-type.bundle.ui-testing";
		};
/* End PBXNativeTarget section */

/* Begin PBXProject section */
		8C8FA42C2BE2A30E002D345C /* Project object */ = {
			isa = PBXProject;
			attributes = {
				BuildIndependentTargetsInParallel = 1;
				LastSwiftUpdateCheck = 1530;
				LastUpgradeCheck = 1530;
				TargetAttributes = {
					8C8FA4332BE2A30E002D345C = {
						CreatedOnToolsVersion = 15.3;
					};
					8C8FA4452BE2A310002D345C = {
						CreatedOnToolsVersion = 15.3;
						TestTargetID = 8C8FA4332BE2A30E002D345C;
					};
					8C8FA44F2BE2A310002D345C = {
						CreatedOnToolsVersion = 15.3;
						TestTargetID = 8C8FA4332BE2A30E002D345C;
					};
				};
			};
			buildConfigurationList = 8C8FA42F2BE2A30E002D345C /* Build configuration list for PBXProject "Coke Machine" */;
			compatibilityVersion = "Xcode 14.0";
			developmentRegion = en;
			hasScannedForEncodings = 0;
			knownRegions = (
				en,
				Base,
			);
			mainGroup = 8C8FA42B2BE2A30E002D345C;
			productRefGroup = 8C8FA4352BE2A30E002D345C /* Products */;
			projectDirPath = "";
			projectRoot = "";
			targets = (
				8C8FA4332BE2A30E002D345C /* Coke Machine */,
				8C8FA4452BE2A310002D345C /* Coke MachineTests */,
				8C8FA44F2BE2A310002D345C /* Coke MachineUITests */,
			);
		};
/* End PBXProject section */

/* Begin PBXResourcesBuildPhase section */
		8C8FA4322BE2A30E002D345C /* Resources */ = {
			isa = PBXResourcesBuildPhase;
			buildActionMask = 2147483647;
			files = (
				8C8FA4412BE2A310002D345C /* Preview Assets.xcassets in Resources */,
				8C8FA43E2BE2A30F002D345C /* Assets.xcassets in Resources */,
			);
			runOnlyForDeploymentPostprocessing = 0;
		};
		8C8FA4442BE2A310002D345C /* Resources */ = {
			isa = PBXResourcesBuildPhase;
			buildActionMask = 2147483647;
			files = (
			);
			runOnlyForDeploymentPostprocessing = 0;
		};
		8C8FA44E2BE2A310002D345C /* Resources */ = {
			isa = PBXResourcesBuildPhase;
			buildActionMask = 2147483647;
			files = (
			);
			runOnlyForDeploymentPostprocessing = 0;
		};
/* End PBXResourcesBuildPhase section */

/* Begin PBXSourcesBuildPhase section */
		8C8FA4302BE2A30E002D345C /* Sources */ = {
			isa = PBXSourcesBuildPhase;
			buildActionMask = 2147483647;
			files = (
				8C8FA43A2BE2A30E002D345C /* ContentView.swift in Sources */,
				8C8FA43C2BE2A30E002D345C /* Item.swift in Sources */,
				8C8FA4382BE2A30E002D345C /* Coke_MachineApp.swift in Sources */,
			);
			runOnlyForDeploymentPostprocessing = 0;
		};
		8C8FA4422BE2A310002D345C /* Sources */ = {
			isa = PBXSourcesBuildPhase;
			buildActionMask = 2147483647;
			files = (
				8C8FA44B2BE2A310002D345C /* Coke_MachineTests.swift in Sources */,
			);
			runOnlyForDeploymentPostprocessing = 0;
		};
		8C8FA44C2BE2A310002D345C /* Sources */ = {
			isa = PBXSourcesBuildPhase;
			buildActionMask = 2147483647;
			files = (
				8C8FA4572BE2A310002D345C /* Coke_MachineUITestsLaunchTests.swift in Sources */,
				8C8FA4552BE2A310002D345C /* Coke_MachineUITests.swift in Sources */,
			);
			runOnlyForDeploymentPostprocessing = 0;
		};
/* End PBXSourcesBuildPhase section */

/* Begin PBXTargetDependency section */
		8C8FA4482BE2A310002D345C /* PBXTargetDependency */ = {
			isa = PBXTargetDependency;
			target = 8C8FA4332BE2A30E002D345C /* Coke Machine */;
			targetProxy = 8C8FA4472BE2A310002D345C /* PBXContainerItemProxy */;
		};
		8C8FA4522BE2A310002D345C /* PBXTargetDependency */ = {
			isa = PBXTargetDependency;
			target = 8C8FA4332BE2A30E002D345C /* Coke Machine */;
			targetProxy = 8C8FA4512BE2A310002D345C /* PBXContainerItemProxy */;
		};
/* End PBXTargetDependency section */

/* Begin XCBuildConfiguration section */
		8C8FA4582BE2A310002D345C /* Debug */ = {
			isa = XCBuildConfiguration;
			buildSettings = {
				ALWAYS_SEARCH_USER_PATHS = NO;
				ASSETCATALOG_COMPILER_GENERATE_SWIFT_ASSET_SYMBOL_EXTENSIONS = YES;
				CLANG_ANALYZER_NONNULL = YES;
				CLANG_ANALYZER_NUMBER_OBJECT_CONVERSION = YES_AGGRESSIVE;
				CLANG_CXX_LANGUAGE_STANDARD = "gnu++20";
				CLANG_ENABLE_MODULES = YES;
				CLANG_ENABLE_OBJC_ARC = YES;
				CLANG_ENABLE_OBJC_WEAK = YES;
				CLANG_WARN_BLOCK_CAPTURE_AUTORELEASING = YES;
				CLANG_WARN_BOOL_CONVERSION = YES;
				CLANG_WARN_COMMA = YES;
				CLANG_WARN_CONSTANT_CONVERSION = YES;
				CLANG_WARN_DEPRECATED_OBJC_IMPLEMENTATIONS = YES;
				CLANG_WARN_DIRECT_OBJC_ISA_USAGE = YES_ERROR;
				CLANG_WARN_DOCUMENTATION_COMMENTS = YES;
				CLANG_WARN_EMPTY_BODY = YES;
				CLANG_WARN_ENUM_CONVERSION = YES;
				CLANG_WARN_INFINITE_RECURSION = YES;
				CLANG_WARN_INT_CONVERSION = YES;
				CLANG_WARN_NON_LITERAL_NULL_CONVERSION = YES;
				CLANG_WARN_OBJC_IMPLICIT_RETAIN_SELF = YES;
				CLANG_WARN_OBJC_LITERAL_CONVERSION = YES;
				CLANG_WARN_OBJC_ROOT_CLASS = YES_ERROR;
				CLANG_WARN_QUOTED_INCLUDE_IN_FRAMEWORK_HEADER = YES;
				CLANG_WARN_RANGE_LOOP_ANALYSIS = YES;
				CLANG_WARN_STRICT_PROTOTYPES = YES;
				CLANG_WARN_SUSPICIOUS_MOVE = YES;
				CLANG_WARN_UNGUARDED_AVAILABILITY = YES_AGGRESSIVE;
				CLANG_WARN_UNREACHABLE_CODE = YES;
				CLANG_WARN__DUPLICATE_METHOD_MATCH = YES;
				COPY_PHASE_STRIP = NO;
				DEBUG_INFORMATION_FORMAT = dwarf;
				ENABLE_STRICT_OBJC_MSGSEND = YES;
				ENABLE_TESTABILITY = YES;
				ENABLE_USER_SCRIPT_SANDBOXING = YES;
				GCC_C_LANGUAGE_STANDARD = gnu17;
				GCC_DYNAMIC_NO_PIC = NO;
				GCC_NO_COMMON_BLOCKS = YES;
				GCC_OPTIMIZATION_LEVEL = 0;
				GCC_PREPROCESSOR_DEFINITIONS = (
					"DEBUG=1",
					"$(inherited)",
				);
				GCC_WARN_64_TO_32_BIT_CONVERSION = YES;
				GCC_WARN_ABOUT_RETURN_TYPE = YES_ERROR;
				GCC_WARN_UNDECLARED_SELECTOR = YES;
				GCC_WARN_UNINITIALIZED_AUTOS = YES_AGGRESSIVE;
				GCC_WARN_UNUSED_FUNCTION = YES;
				GCC_WARN_UNUSED_VARIABLE = YES;
				IPHONEOS_DEPLOYMENT_TARGET = 17.4;
				LOCALIZATION_PREFERS_STRING_CATALOGS = YES;
				MTL_ENABLE_DEBUG_INFO = INCLUDE_SOURCE;
				MTL_FAST_MATH = YES;
				ONLY_ACTIVE_ARCH = YES;
				SDKROOT = iphoneos;
				SWIFT_ACTIVE_COMPILATION_CONDITIONS = "DEBUG $(inherited)";
				SWIFT_OPTIMIZATION_LEVEL = "-Onone";
			};
			name = Debug;
		};
		8C8FA4592BE2A310002D345C /* Release */ = {
			isa = XCBuildConfiguration;
			buildSettings = {
				ALWAYS_SEARCH_USER_PATHS = NO;
				ASSETCATALOG_COMPILER_GENERATE_SWIFT_ASSET_SYMBOL_EXTENSIONS = YES;
				CLANG_ANALYZER_NONNULL = YES;
				CLANG_ANALYZER_NUMBER_OBJECT_CONVERSION = YES_AGGRESSIVE;
				CLANG_CXX_LANGUAGE_STANDARD = "gnu++20";
				CLANG_ENABLE_MODULES = YES;
				CLANG_ENABLE_OBJC_ARC = YES;
				CLANG_ENABLE_OBJC_WEAK = YES;
				CLANG_WARN_BLOCK_CAPTURE_AUTORELEASING = YES;
				CLANG_WARN_BOOL_CONVERSION = YES;
				CLANG_WARN_COMMA = YES;
				CLANG_WARN_CONSTANT_CONVERSION = YES;
				CLANG_WARN_DEPRECATED_OBJC_IMPLEMENTATIONS = YES;
				CLANG_WARN_DIRECT_OBJC_ISA_USAGE = YES_ERROR;
				CLANG_WARN_DOCUMENTATION_COMMENTS = YES;
				CLANG_WARN_EMPTY_BODY = YES;
				CLANG_WARN_ENUM_CONVERSION = YES;
				CLANG_WARN_INFINITE_RECURSION = YES;
				CLANG_WARN_INT_CONVERSION = YES;
				CLANG_WARN_NON_LITERAL_NULL_CONVERSION = YES;
				CLANG_WARN_OBJC_IMPLICIT_RETAIN_SELF = YES;
				CLANG_WARN_OBJC_LITERAL_CONVERSION = YES;
				CLANG_WARN_OBJC_ROOT_CLASS = YES_ERROR;
				CLANG_WARN_QUOTED_INCLUDE_IN_FRAMEWORK_HEADER = YES;
				CLANG_WARN_RANGE_LOOP_ANALYSIS = YES;
				CLANG_WARN_STRICT_PROTOTYPES = YES;
				CLANG_WARN_SUSPICIOUS_MOVE = YES;
				CLANG_WARN_UNGUARDED_AVAILABILITY = YES_AGGRESSIVE;
				CLANG_WARN_UNREACHABLE_CODE = YES;
				CLANG_WARN__DUPLICATE_METHOD_MATCH = YES;
				COPY_PHASE_STRIP = NO;
				DEBUG_INFORMATION_FORMAT = "dwarf-with-dsym";
				ENABLE_NS_ASSERTIONS = NO;
				ENABLE_STRICT_OBJC_MSGSEND = YES;
				ENABLE_USER_SCRIPT_SANDBOXING = YES;
				GCC_C_LANGUAGE_STANDARD = gnu17;
				GCC_NO_COMMON_BLOCKS = YES;
				GCC_WARN_64_TO_32_BIT_CONVERSION = YES;
				GCC_WARN_ABOUT_RETURN_TYPE = YES_ERROR;
				GCC_WARN_UNDECLARED_SELECTOR = YES;
				GCC_WARN_UNINITIALIZED_AUTOS = YES_AGGRESSIVE;
				GCC_WARN_UNUSED_FUNCTION = YES;
				GCC_WARN_UNUSED_VARIABLE = YES;
				IPHONEOS_DEPLOYMENT_TARGET = 17.4;
				LOCALIZATION_PREFERS_STRING_CATALOGS = YES;
				MTL_ENABLE_DEBUG_INFO = NO;
				MTL_FAST_MATH = YES;
				SDKROOT = iphoneos;
				SWIFT_COMPILATION_MODE = wholemodule;
				VALIDATE_PRODUCT = YES;
			};
			name = Release;
		};
		8C8FA45B2BE2A310002D345C /* Debug */ = {
			isa = XCBuildConfiguration;
			buildSettings = {
				ASSETCATALOG_COMPILER_APPICON_NAME = AppIcon;
				ASSETCATALOG_COMPILER_GLOBAL_ACCENT_COLOR_NAME = AccentColor;
				CODE_SIGN_STYLE = Automatic;
				CURRENT_PROJECT_VERSION = 1;
				DEVELOPMENT_ASSET_PATHS = "\"Coke Machine/Preview Content\"";
				DEVELOPMENT_TEAM = 8ZJ9VQQLXJ;
				ENABLE_PREVIEWS = YES;
				GENERATE_INFOPLIST_FILE = YES;
				INFOPLIST_KEY_UIApplicationSceneManifest_Generation = YES;
				INFOPLIST_KEY_UIApplicationSupportsIndirectInputEvents = YES;
				INFOPLIST_KEY_UILaunchScreen_Generation = YES;
				INFOPLIST_KEY_UISupportedInterfaceOrientations_iPad = "UIInterfaceOrientationPortrait UIInterfaceOrientationPortraitUpsideDown UIInterfaceOrientationLandscapeLeft UIInterfaceOrientationLandscapeRight";
				INFOPLIST_KEY_UISupportedInterfaceOrientations_iPhone = "UIInterfaceOrientationPortrait UIInterfaceOrientationLandscapeLeft UIInterfaceOrientationLandscapeRight";
				LD_RUNPATH_SEARCH_PATHS = (
					"$(inherited)",
					"@executable_path/Frameworks",
				);
				MARKETING_VERSION = 1.0;
				PRODUCT_BUNDLE_IDENTIFIER = "net.apimonster.Coke-Machine";
				PRODUCT_NAME = "$(TARGET_NAME)";
				SWIFT_EMIT_LOC_STRINGS = YES;
				SWIFT_VERSION = 5.0;
				TARGETED_DEVICE_FAMILY = "1,2";
			};
			name = Debug;
		};
		8C8FA45C2BE2A310002D345C /* Release */ = {
			isa = XCBuildConfiguration;
			buildSettings = {
				ASSETCATALOG_COMPILER_APPICON_NAME = AppIcon;
				ASSETCATALOG_COMPILER_GLOBAL_ACCENT_COLOR_NAME = AccentColor;
				CODE_SIGN_STYLE = Automatic;
				CURRENT_PROJECT_VERSION = 1;
				DEVELOPMENT_ASSET_PATHS = "\"Coke Machine/Preview Content\"";
				DEVELOPMENT_TEAM = 8ZJ9VQQLXJ;
				ENABLE_PREVIEWS = YES;
				GENERATE_INFOPLIST_FILE = YES;
				INFOPLIST_KEY_UIApplicationSceneManifest_Generation = YES;
				INFOPLIST_KEY_UIApplicationSupportsIndirectInputEvents = YES;
				INFOPLIST_KEY_UILaunchScreen_Generation = YES;
				INFOPLIST_KEY_UISupportedInterfaceOrientations_iPad = "UIInterfaceOrientationPortrait UIInterfaceOrientationPortraitUpsideDown UIInterfaceOrientationLandscapeLeft UIInterfaceOrientationLandscapeRight";
				INFOPLIST_KEY_UISupportedInterfaceOrientations_iPhone = "UIInterfaceOrientationPortrait UIInterfaceOrientationLandscapeLeft UIInterfaceOrientationLandscapeRight";
				LD_RUNPATH_SEARCH_PATHS = (
					"$(inherited)",
					"@executable_path/Frameworks",
				);
				MARKETING_VERSION = 1.0;
				PRODUCT_BUNDLE_IDENTIFIER = "net.apimonster.Coke-Machine";
				PRODUCT_NAME = "$(TARGET_NAME)";
				SWIFT_EMIT_LOC_STRINGS = YES;
				SWIFT_VERSION = 5.0;
				TARGETED_DEVICE_FAMILY = "1,2";
			};
			name = Release;
		};
		8C8FA45E2BE2A310002D345C /* Debug */ = {
			isa = XCBuildConfiguration;
			buildSettings = {
				ALWAYS_EMBED_SWIFT_STANDARD_LIBRARIES = YES;
				BUNDLE_LOADER = "$(TEST_HOST)";
				CODE_SIGN_STYLE = Automatic;
				CURRENT_PROJECT_VERSION = 1;
				DEVELOPMENT_TEAM = 8ZJ9VQQLXJ;
				GENERATE_INFOPLIST_FILE = YES;
				IPHONEOS_DEPLOYMENT_TARGET = 17.4;
				MARKETING_VERSION = 1.0;
				PRODUCT_BUNDLE_IDENTIFIER = "net.apimonster.Coke-MachineTests";
				PRODUCT_NAME = "$(TARGET_NAME)";
				SWIFT_EMIT_LOC_STRINGS = NO;
				SWIFT_VERSION = 5.0;
				TARGETED_DEVICE_FAMILY = "1,2";
				TEST_HOST = "$(BUILT_PRODUCTS_DIR)/Coke Machine.app/$(BUNDLE_EXECUTABLE_FOLDER_PATH)/Coke Machine";
			};
			name = Debug;
		};
		8C8FA45F2BE2A310002D345C /* Release */ = {
			isa = XCBuildConfiguration;
			buildSettings = {
				ALWAYS_EMBED_SWIFT_STANDARD_LIBRARIES = YES;
				BUNDLE_LOADER = "$(TEST_HOST)";
				CODE_SIGN_STYLE = Automatic;
				CURRENT_PROJECT_VERSION = 1;
				DEVELOPMENT_TEAM = 8ZJ9VQQLXJ;
				GENERATE_INFOPLIST_FILE = YES;
				IPHONEOS_DEPLOYMENT_TARGET = 17.4;
				MARKETING_VERSION = 1.0;
				PRODUCT_BUNDLE_IDENTIFIER = "net.apimonster.Coke-MachineTests";
				PRODUCT_NAME = "$(TARGET_NAME)";
				SWIFT_EMIT_LOC_STRINGS = NO;
				SWIFT_VERSION = 5.0;
				TARGETED_DEVICE_FAMILY = "1,2";
				TEST_HOST = "$(BUILT_PRODUCTS_DIR)/Coke Machine.app/$(BUNDLE_EXECUTABLE_FOLDER_PATH)/Coke Machine";
			};
			name = Release;
		};
		8C8FA4612BE2A310002D345C /* Debug */ = {
			isa = XCBuildConfiguration;
			buildSettings = {
				ALWAYS_EMBED_SWIFT_STANDARD_LIBRARIES = YES;
				CODE_SIGN_STYLE = Automatic;
				CURRENT_PROJECT_VERSION = 1;
				DEVELOPMENT_TEAM = 8ZJ9VQQLXJ;
				GENERATE_INFOPLIST_FILE = YES;
				MARKETING_VERSION = 1.0;
				PRODUCT_BUNDLE_IDENTIFIER = "net.apimonster.Coke-MachineUITests";
				PRODUCT_NAME = "$(TARGET_NAME)";
				SWIFT_EMIT_LOC_STRINGS = NO;
				SWIFT_VERSION = 5.0;
				TARGETED_DEVICE_FAMILY = "1,2";
				TEST_TARGET_NAME = "Coke Machine";
			};
			name = Debug;
		};
		8C8FA4622BE2A310002D345C /* Release */ = {
			isa = XCBuildConfiguration;
			buildSettings = {
				ALWAYS_EMBED_SWIFT_STANDARD_LIBRARIES = YES;
				CODE_SIGN_STYLE = Automatic;
				CURRENT_PROJECT_VERSION = 1;
				DEVELOPMENT_TEAM = 8ZJ9VQQLXJ;
				GENERATE_INFOPLIST_FILE = YES;
				MARKETING_VERSION = 1.0;
				PRODUCT_BUNDLE_IDENTIFIER = "net.apimonster.Coke-MachineUITests";
				PRODUCT_NAME = "$(TARGET_NAME)";
				SWIFT_EMIT_LOC_STRINGS = NO;
				SWIFT_VERSION = 5.0;
				TARGETED_DEVICE_FAMILY = "1,2";
				TEST_TARGET_NAME = "Coke Machine";
			};
			name = Release;
		};
/* End XCBuildConfiguration section */

/* Begin XCConfigurationList section */
		8C8FA42F2BE2A30E002D345C /* Build configuration list for PBXProject "Coke Machine" */ = {
			isa = XCConfigurationList;
			buildConfigurations = (
				8C8FA4582BE2A310002D345C /* Debug */,
				8C8FA4592BE2A310002D345C /* Release */,
			);
			defaultConfigurationIsVisible = 0;
			defaultConfigurationName = Release;
		};
		8C8FA45A2BE2A310002D345C /* Build configuration list for PBXNativeTarget "Coke Machine" */ = {
			isa = XCConfigurationList;
			buildConfigurations = (
				8C8FA45B2BE2A310002D345C /* Debug */,
				8C8FA45C2BE2A310002D345C /* Release */,
			);
			defaultConfigurationIsVisible = 0;
			defaultConfigurationName = Release;
		};
		8C8FA45D2BE2A310002D345C /* Build configuration list for PBXNativeTarget "Coke MachineTests" */ = {
			isa = XCConfigurationList;
			buildConfigurations = (
				8C8FA45E2BE2A310002D345C /* Debug */,
				8C8FA45F2BE2A310002D345C /* Release */,
			);
			defaultConfigurationIsVisible = 0;
			defaultConfigurationName = Release;
		};
		8C8FA4602BE2A310002D345C /* Build configuration list for PBXNativeTarget "Coke MachineUITests" */ = {
			isa = XCConfigurationList;
			buildConfigurations = (
				8C8FA4612BE2A310002D345C /* Debug */,
				8C8FA4622BE2A310002D345C /* Release */,
			);
			defaultConfigurationIsVisible = 0;
			defaultConfigurationName = Release;
		};
/* End XCConfigurationList section */
	};
	rootObject = 8C8FA42C2BE2A30E002D345C /* Project object */;
}
